
Microsoft Visual Studio Solution File, Format Version 12.00
# Visual Studio Version 17
VisualStudioVersion = 17.7.34221.43
MinimumVisualStudioVersion = 10.0.40219.1
Project("{FAE04EC0-301F-11D3-BF4B-00C04F79EFBC}") = "cosmic-management-api", "cosmic-management-api.csproj", "{3AF5824E-DFCB-4F4C-B7EC-38A6F0A0F201}"
EndProject
Global
	GlobalSection(SolutionConfigurationPlatforms) = preSolution
		Debug|Any CPU = Debug|Any CPU
		Release|Any CPU = Release|Any CPU
	EndGlobalSection
	GlobalSection(ProjectConfigurationPlatforms) = postSolution
		{3AF5824E-DFCB-4F4C-B7EC-38A6F0A0F201}.Debug|Any CPU.ActiveCfg = Debug|Any CPU
		{3AF5824E-DFCB-4F4C-B7EC-38A6F0A0F201}.Debug|Any CPU.Build.0 = Debug|Any CPU
		{3AF5824E-DFCB-4F4C-B7EC-38A6F0A0F201}.Release|Any CPU.ActiveCfg = Release|Any CPU
		{3AF5824E-DFCB-4F4C-B7EC-38A6F0A0F201}.Release|Any CPU.Build.0 = Release|Any CPU
	EndGlobalSection
	GlobalSection(SolutionProperties) = preSolution
		HideSolutionNode = FALSE
	EndGlobalSection
	GlobalSection(ExtensibilityGlobals) = postSolution
		SolutionGuid = {671559DE-31BF-4694-91A7-42E5F3A4ABF8}
	EndGlobalSection
EndGlobal
